
Microsoft Visual Studio Solution File, Format Version 12.00
# Visual Studio Version 16
VisualStudioVersion = 16.0.28922.388
MinimumVisualStudioVersion = 10.0.40219.1
Project("{FAE04EC0-301F-11D3-BF4B-00C04F79EFBC}") = "SistemaAcad", "SistemaAcad\SistemaAcad.csproj", "{2CA33F4E-73B2-481A-8BE2-B5276013D213}"
EndProject
Global
	GlobalSection(SolutionConfigurationPlatforms) = preSolution
		Debug|Any CPU = Debug|Any CPU
		Release|Any CPU = Release|Any CPU
	EndGlobalSection
	GlobalSection(ProjectConfigurationPlatforms) = postSolution
		{2CA33F4E-73B2-481A-8BE2-B5276013D213}.Debug|Any CPU.ActiveCfg = Debug|Any CPU
		{2CA33F4E-73B2-481A-8BE2-B5276013D213}.Debug|Any CPU.Build.0 = Debug|Any CPU
		{2CA33F4E-73B2-481A-8BE2-B5276013D213}.Release|Any CPU.ActiveCfg = Release|Any CPU
		{2CA33F4E-73B2-481A-8BE2-B5276013D213}.Release|Any CPU.Build.0 = Release|Any CPU
	EndGlobalSection
	GlobalSection(SolutionProperties) = preSolution
		HideSolutionNode = FALSE
	EndGlobalSection
	GlobalSection(ExtensibilityGlobals) = postSolution
		SolutionGuid = {6FD0727B-9C69-4C8F-85AD-397418789D14}
	EndGlobalSection
EndGlobal
